
Microsoft Visual Studio Solution File, Format Version 12.00
# Visual Studio Version 16
VisualStudioVersion = 16.0.29613.14
MinimumVisualStudioVersion = 10.0.40219.1
Project("{FAE04EC0-301F-11D3-BF4B-00C04F79EFBC}") = "banking", "banking\banking.csproj", "{3BED5280-31F9-4ADE-8EC4-47574471933A}"
EndProject
Project("{2150E333-8FDC-42A3-9474-1A3956D46DE8}") = "Solution Items", "Solution Items", "{AEE2AD76-BF0C-41A7-B79A-F742C7FA3EC4}"
EndProject
Global
	GlobalSection(SolutionConfigurationPlatforms) = preSolution
		Debug|Any CPU = Debug|Any CPU
		Release|Any CPU = Release|Any CPU
	EndGlobalSection
	GlobalSection(ProjectConfigurationPlatforms) = postSolution
		{3BED5280-31F9-4ADE-8EC4-47574471933A}.Debug|Any CPU.ActiveCfg = Debug|Any CPU
		{3BED5280-31F9-4ADE-8EC4-47574471933A}.Debug|Any CPU.Build.0 = Debug|Any CPU
		{3BED5280-31F9-4ADE-8EC4-47574471933A}.Release|Any CPU.ActiveCfg = Release|Any CPU
		{3BED5280-31F9-4ADE-8EC4-47574471933A}.Release|Any CPU.Build.0 = Release|Any CPU
	EndGlobalSection
	GlobalSection(SolutionProperties) = preSolution
		HideSolutionNode = FALSE
	EndGlobalSection
	GlobalSection(ExtensibilityGlobals) = postSolution
		SolutionGuid = {3F6B4ED0-3558-49CE-8DDA-BDA793812021}
	EndGlobalSection
EndGlobal
